{
  "name": "p3",
  "lockfileVersion": 2,
  "requires": true,
  "packages": {
    "": {
      "dependencies": {
        "visual-heatmap": "^1.0.5"
      }
    },
    "node_modules/visual-heatmap": {
      "version": "1.0.5",
      "resolved": "https://registry.npmjs.org/visual-heatmap/-/visual-heatmap-1.0.5.tgz",
      "integrity": "sha512-iATPiStVXrEYnDH2yNZifd1OtE0F9HkrmITFh9NZYbT1zOEhAlD5TZJU5b20qoTjwF4ix5xXBM9D5QpZ979AIQ=="
    }
  },
  "dependencies": {
    "visual-heatmap": {
      "version": "1.0.5",
      "resolved": "https://registry.npmjs.org/visual-heatmap/-/visual-heatmap-1.0.5.tgz",
      "integrity": "sha512-iATPiStVXrEYnDH2yNZifd1OtE0F9HkrmITFh9NZYbT1zOEhAlD5TZJU5b20qoTjwF4ix5xXBM9D5QpZ979AIQ=="
    }
  }
}
